// !$*UTF8*$!
{
	archiveVersion = 1;
	classes = {
	};
	objectVersion = 55;
	objects = {

/* Begin PBXBuildFile section */
		02BB179527D41E9C0048958A /* AI_InvestApp.swift in Sources */ = {isa = PBXBuildFile; fileRef = 02BB179427D41E9C0048958A /* AI_InvestApp.swift */; };
		02BB179727D41E9C0048958A /* ContentView.swift in Sources */ = {isa = PBXBuildFile; fileRef = 02BB179627D41E9C0048958A /* ContentView.swift */; };
		02BB179927D41E9E0048958A /* Assets.xcassets in Resources */ = {isa = PBXBuildFile; fileRef = 02BB179827D41E9E0048958A /* Assets.xcassets */; };
		02BB179C27D41E9E0048958A /* Preview Assets.xcassets in Resources */ = {isa = PBXBuildFile; fileRef = 02BB179B27D41E9E0048958A /* Preview Assets.xcassets */; };
		02BB179E27D41E9E0048958A /* Persistence.swift in Sources */ = {isa = PBXBuildFile; fileRef = 02BB179D27D41E9E0048958A /* Persistence.swift */; };
		02BB17A127D41E9E0048958A /* AI_Invest.xcdatamodeld in Sources */ = {isa = PBXBuildFile; fileRef = 02BB179F27D41E9E0048958A /* AI_Invest.xcdatamodeld */; };
		02BB17A927D420420048958A /* Home.swift in Sources */ = {isa = PBXBuildFile; fileRef = 02BB17A827D420420048958A /* Home.swift */; };
/* End PBXBuildFile section */

/* Begin PBXFileReference section */
		02BB179127D41E9C0048958A /* SwiftInvest.app */ = {isa = PBXFileReference; explicitFileType = wrapper.application; includeInIndex = 0; path = SwiftInvest.app; sourceTree = BUILT_PRODUCTS_DIR; };
		02BB179427D41E9C0048958A /* AI_InvestApp.swift */ = {isa = PBXFileReference; lastKnownFileType = sourcecode.swift; path = AI_InvestApp.swift; sourceTree = "<group>"; };
		02BB179627D41E9C0048958A /* ContentView.swift */ = {isa = PBXFileReference; lastKnownFileType = sourcecode.swift; path = ContentView.swift; sourceTree = "<group>"; };
		02BB179827D41E9E0048958A /* Assets.xcassets */ = {isa = PBXFileReference; lastKnownFileType = folder.assetcatalog; path = Assets.xcassets; sourceTree = "<group>"; };
		02BB179B27D41E9E0048958A /* Preview Assets.xcassets */ = {isa = PBXFileReference; lastKnownFileType = folder.assetcatalog; path = "Preview Assets.xcassets"; sourceTree = "<group>"; };
		02BB179D27D41E9E0048958A /* Persistence.swift */ = {isa = PBXFileReference; lastKnownFileType = sourcecode.swift; path = Persistence.swift; sourceTree = "<group>"; };
		02BB17A027D41E9E0048958A /* AI_Invest.xcdatamodel */ = {isa = PBXFileReference; lastKnownFileType = wrapper.xcdatamodel; path = AI_Invest.xcdatamodel; sourceTree = "<group>"; };
		02BB17A727D41EBA0048958A /* README.md */ = {isa = PBXFileReference; lastKnownFileType = net.daringfireball.markdown; path = README.md; sourceTree = "<group>"; };
		02BB17A827D420420048958A /* Home.swift */ = {isa = PBXFileReference; lastKnownFileType = sourcecode.swift; path = Home.swift; sourceTree = "<group>"; };
/* End PBXFileReference section */

/* Begin PBXFrameworksBuildPhase section */
		02BB178E27D41E9C0048958A /* Frameworks */ = {
			isa = PBXFrameworksBuildPhase;
			buildActionMask = 2147483647;
			files = (
			);
			runOnlyForDeploymentPostprocessing = 0;
		};
/* End PBXFrameworksBuildPhase section */

/* Begin PBXGroup section */
		02BB178827D41E9C0048958A = {
			isa = PBXGroup;
			children = (
				02BB179327D41E9C0048958A /* AI-Invest */,
				02BB179227D41E9C0048958A /* Products */,
			);
			sourceTree = "<group>";
		};
		02BB179227D41E9C0048958A /* Products */ = {
			isa = PBXGroup;
			children = (
				02BB179127D41E9C0048958A /* SwiftInvest.app */,
			);
			name = Products;
			sourceTree = "<group>";
		};
		02BB179327D41E9C0048958A /* AI-Invest */ = {
			isa = PBXGroup;
			children = (
				02BB179427D41E9C0048958A /* AI_InvestApp.swift */,
				02BB179627D41E9C0048958A /* ContentView.swift */,
				02BB17A827D420420048958A /* Home.swift */,
				02BB179827D41E9E0048958A /* Assets.xcassets */,
				02BB179D27D41E9E0048958A /* Persistence.swift */,
				02BB179F27D41E9E0048958A /* AI_Invest.xcdatamodeld */,
				02BB179A27D41E9E0048958A /* Preview Content */,
				02BB17A727D41EBA0048958A /* README.md */,
			);
			path = "AI-Invest";
			sourceTree = "<group>";
		};
		02BB179A27D41E9E0048958A /* Preview Content */ = {
			isa = PBXGroup;
			children = (
				02BB179B27D41E9E0048958A /* Preview Assets.xcassets */,
			);
			path = "Preview Content";
			sourceTree = "<group>";
		};
/* End PBXGroup section */

/* Begin PBXNativeTarget section */
		02BB179027D41E9C0048958A /* SwiftInvest */ = {
			isa = PBXNativeTarget;
			buildConfigurationList = 02BB17A427D41E9E0048958A /* Build configuration list for PBXNativeTarget "SwiftInvest" */;
			buildPhases = (
				02BB178D27D41E9C0048958A /* Sources */,
				02BB178E27D41E9C0048958A /* Frameworks */,
				02BB178F27D41E9C0048958A /* Resources */,
			);
			buildRules = (
			);
			dependencies = (
			);
			name = SwiftInvest;
			productName = "AI-Invest";
			productReference = 02BB179127D41E9C0048958A /* SwiftInvest.app */;
			productType = "com.apple.product-type.application";
		};
/* End PBXNativeTarget section */

/* Begin PBXProject section */
		02BB178927D41E9C0048958A /* Project object */ = {
			isa = PBXProject;
			attributes = {
				BuildIndependentTargetsInParallel = 1;
				LastSwiftUpdateCheck = 1320;
				LastUpgradeCheck = 1320;
				TargetAttributes = {
					02BB179027D41E9C0048958A = {
						CreatedOnToolsVersion = 13.2.1;
					};
				};
			};
			buildConfigurationList = 02BB178C27D41E9C0048958A /* Build configuration list for PBXProject "SwiftInvest" */;
			compatibilityVersion = "Xcode 13.0";
			developmentRegion = en;
			hasScannedForEncodings = 0;
			knownRegions = (
				en,
				Base,
			);
			mainGroup = 02BB178827D41E9C0048958A;
			productRefGroup = 02BB179227D41E9C0048958A /* Products */;
			projectDirPath = "";
			projectRoot = "";
			targets = (
				02BB179027D41E9C0048958A /* SwiftInvest */,
			);
		};
/* End PBXProject section */

/* Begin PBXResourcesBuildPhase section */
		02BB178F27D41E9C0048958A /* Resources */ = {
			isa = PBXResourcesBuildPhase;
			buildActionMask = 2147483647;
			files = (
				02BB179C27D41E9E0048958A /* Preview Assets.xcassets in Resources */,
				02BB179927D41E9E0048958A /* Assets.xcassets in Resources */,
			);
			runOnlyForDeploymentPostprocessing = 0;
		};
/* End PBXResourcesBuildPhase section */

/* Begin PBXSourcesBuildPhase section */
		02BB178D27D41E9C0048958A /* Sources */ = {
			isa = PBXSourcesBuildPhase;
			buildActionMask = 2147483647;
			files = (
				02BB17A127D41E9E0048958A /* AI_Invest.xcdatamodeld in Sources */,
				02BB179E27D41E9E0048958A /* Persistence.swift in Sources */,
				02BB17A927D420420048958A /* Home.swift in Sources */,
				02BB179727D41E9C0048958A /* ContentView.swift in Sources */,
				02BB179527D41E9C0048958A /* AI_InvestApp.swift in Sources */,
			);
			runOnlyForDeploymentPostprocessing = 0;
		};
/* End PBXSourcesBuildPhase section */

/* Begin XCBuildConfiguration section */
		02BB17A227D41E9E0048958A /* Debug */ = {
			isa = XCBuildConfiguration;
			buildSettings = {
				ALWAYS_SEARCH_USER_PATHS = NO;
				CLANG_ANALYZER_NONNULL = YES;
				CLANG_ANALYZER_NUMBER_OBJECT_CONVERSION = YES_AGGRESSIVE;
				CLANG_CXX_LANGUAGE_STANDARD = "gnu++17";
				CLANG_CXX_LIBRARY = "libc++";
				CLANG_ENABLE_MODULES = YES;
				CLANG_ENABLE_OBJC_ARC = YES;
				CLANG_ENABLE_OBJC_WEAK = YES;
				CLANG_WARN_BLOCK_CAPTURE_AUTORELEASING = YES;
				CLANG_WARN_BOOL_CONVERSION = YES;
				CLANG_WARN_COMMA = YES;
				CLANG_WARN_CONSTANT_CONVERSION = YES;
				CLANG_WARN_DEPRECATED_OBJC_IMPLEMENTATIONS = YES;
				CLANG_WARN_DIRECT_OBJC_ISA_USAGE = YES_ERROR;
				CLANG_WARN_DOCUMENTATION_COMMENTS = YES;
				CLANG_WARN_EMPTY_BODY = YES;
				CLANG_WARN_ENUM_CONVERSION = YES;
				CLANG_WARN_INFINITE_RECURSION = YES;
				CLANG_WARN_INT_CONVERSION = YES;
				CLANG_WARN_NON_LITERAL_NULL_CONVERSION = YES;
				CLANG_WARN_OBJC_IMPLICIT_RETAIN_SELF = YES;
				CLANG_WARN_OBJC_LITERAL_CONVERSION = YES;
				CLANG_WARN_OBJC_ROOT_CLASS = YES_ERROR;
				CLANG_WARN_QUOTED_INCLUDE_IN_FRAMEWORK_HEADER = YES;
				CLANG_WARN_RANGE_LOOP_ANALYSIS = YES;
				CLANG_WARN_STRICT_PROTOTYPES = YES;
				CLANG_WARN_SUSPICIOUS_MOVE = YES;
				CLANG_WARN_UNGUARDED_AVAILABILITY = YES_AGGRESSIVE;
				CLANG_WARN_UNREACHABLE_CODE = YES;
				CLANG_WARN__DUPLICATE_METHOD_MATCH = YES;
				COPY_PHASE_STRIP = NO;
				DEBUG_INFORMATION_FORMAT = dwarf;
				ENABLE_STRICT_OBJC_MSGSEND = YES;
				ENABLE_TESTABILITY = YES;
				GCC_C_LANGUAGE_STANDARD = gnu11;
				GCC_DYNAMIC_NO_PIC = NO;
				GCC_NO_COMMON_BLOCKS = YES;
				GCC_OPTIMIZATION_LEVEL = 0;
				GCC_PREPROCESSOR_DEFINITIONS = (
					"DEBUG=1",
					"$(inherited)",
				);
				GCC_WARN_64_TO_32_BIT_CONVERSION = YES;
				GCC_WARN_ABOUT_RETURN_TYPE = YES_ERROR;
				GCC_WARN_UNDECLARED_SELECTOR = YES;
				GCC_WARN_UNINITIALIZED_AUTOS = YES_AGGRESSIVE;
				GCC_WARN_UNUSED_FUNCTION = YES;
				GCC_WARN_UNUSED_VARIABLE = YES;
				IPHONEOS_DEPLOYMENT_TARGET = 15.2;
				MTL_ENABLE_DEBUG_INFO = INCLUDE_SOURCE;
				MTL_FAST_MATH = YES;
				ONLY_ACTIVE_ARCH = YES;
				SDKROOT = iphoneos;
				SWIFT_ACTIVE_COMPILATION_CONDITIONS = DEBUG;
				SWIFT_OPTIMIZATION_LEVEL = "-Onone";
			};
			name = Debug;
		};
		02BB17A327D41E9E0048958A /* Release */ = {
			isa = XCBuildConfiguration;
			buildSettings = {
				ALWAYS_SEARCH_USER_PATHS = NO;
				CLANG_ANALYZER_NONNULL = YES;
				CLANG_ANALYZER_NUMBER_OBJECT_CONVERSION = YES_AGGRESSIVE;
				CLANG_CXX_LANGUAGE_STANDARD = "gnu++17";
				CLANG_CXX_LIBRARY = "libc++";
				CLANG_ENABLE_MODULES = YES;
				CLANG_ENABLE_OBJC_ARC = YES;
				CLANG_ENABLE_OBJC_WEAK = YES;
				CLANG_WARN_BLOCK_CAPTURE_AUTORELEASING = YES;
				CLANG_WARN_BOOL_CONVERSION = YES;
				CLANG_WARN_COMMA = YES;
				CLANG_WARN_CONSTANT_CONVERSION = YES;
				CLANG_WARN_DEPRECATED_OBJC_IMPLEMENTATIONS = YES;
				CLANG_WARN_DIRECT_OBJC_ISA_USAGE = YES_ERROR;
				CLANG_WARN_DOCUMENTATION_COMMENTS = YES;
				CLANG_WARN_EMPTY_BODY = YES;
				CLANG_WARN_ENUM_CONVERSION = YES;
				CLANG_WARN_INFINITE_RECURSION = YES;
				CLANG_WARN_INT_CONVERSION = YES;
				CLANG_WARN_NON_LITERAL_NULL_CONVERSION = YES;
				CLANG_WARN_OBJC_IMPLICIT_RETAIN_SELF = YES;
				CLANG_WARN_OBJC_LITERAL_CONVERSION = YES;
				CLANG_WARN_OBJC_ROOT_CLASS = YES_ERROR;
				CLANG_WARN_QUOTED_INCLUDE_IN_FRAMEWORK_HEADER = YES;
				CLANG_WARN_RANGE_LOOP_ANALYSIS = YES;
				CLANG_WARN_STRICT_PROTOTYPES = YES;
				CLANG_WARN_SUSPICIOUS_MOVE = YES;
				CLANG_WARN_UNGUARDED_AVAILABILITY = YES_AGGRESSIVE;
				CLANG_WARN_UNREACHABLE_CODE = YES;
				CLANG_WARN__DUPLICATE_METHOD_MATCH = YES;
				COPY_PHASE_STRIP = NO;
				DEBUG_INFORMATION_FORMAT = "dwarf-with-dsym";
				ENABLE_NS_ASSERTIONS = NO;
				ENABLE_STRICT_OBJC_MSGSEND = YES;
				GCC_C_LANGUAGE_STANDARD = gnu11;
				GCC_NO_COMMON_BLOCKS = YES;
				GCC_WARN_64_TO_32_BIT_CONVERSION = YES;
				GCC_WARN_ABOUT_RETURN_TYPE = YES_ERROR;
				GCC_WARN_UNDECLARED_SELECTOR = YES;
				GCC_WARN_UNINITIALIZED_AUTOS = YES_AGGRESSIVE;
				GCC_WARN_UNUSED_FUNCTION = YES;
				GCC_WARN_UNUSED_VARIABLE = YES;
				IPHONEOS_DEPLOYMENT_TARGET = 15.2;
				MTL_ENABLE_DEBUG_INFO = NO;
				MTL_FAST_MATH = YES;
				SDKROOT = iphoneos;
				SWIFT_COMPILATION_MODE = wholemodule;
				SWIFT_OPTIMIZATION_LEVEL = "-O";
				VALIDATE_PRODUCT = YES;
			};
			name = Release;
		};
		02BB17A527D41E9E0048958A /* Debug */ = {
			isa = XCBuildConfiguration;
			buildSettings = {
				ASSETCATALOG_COMPILER_APPICON_NAME = AppIcon;
				ASSETCATALOG_COMPILER_GLOBAL_ACCENT_COLOR_NAME = AccentColor;
				CODE_SIGN_STYLE = Automatic;
				CURRENT_PROJECT_VERSION = 1;
				DEVELOPMENT_ASSET_PATHS = "\"AI-Invest/Preview Content\"";
				DEVELOPMENT_TEAM = EMWB4SY4WC;
				ENABLE_PREVIEWS = YES;
				GENERATE_INFOPLIST_FILE = YES;
				INFOPLIST_KEY_UIApplicationSceneManifest_Generation = YES;
				INFOPLIST_KEY_UIApplicationSupportsIndirectInputEvents = YES;
				INFOPLIST_KEY_UILaunchScreen_Generation = YES;
				INFOPLIST_KEY_UISupportedInterfaceOrientations_iPad = "UIInterfaceOrientationPortrait UIInterfaceOrientationPortraitUpsideDown UIInterfaceOrientationLandscapeLeft UIInterfaceOrientationLandscapeRight";
				INFOPLIST_KEY_UISupportedInterfaceOrientations_iPhone = "UIInterfaceOrientationPortrait UIInterfaceOrientationLandscapeLeft UIInterfaceOrientationLandscapeRight";
				LD_RUNPATH_SEARCH_PATHS = (
					"$(inherited)",
					"@executable_path/Frameworks",
				);
				MARKETING_VERSION = 1.0;
				PRODUCT_BUNDLE_IDENTIFIER = "com.tang.AI-Invest";
				PRODUCT_NAME = "$(TARGET_NAME)";
				SWIFT_EMIT_LOC_STRINGS = YES;
				SWIFT_VERSION = 5.0;
				TARGETED_DEVICE_FAMILY = 1;
			};
			name = Debug;
		};
		02BB17A627D41E9E0048958A /* Release */ = {
			isa = XCBuildConfiguration;
			buildSettings = {
				ASSETCATALOG_COMPILER_APPICON_NAME = AppIcon;
				ASSETCATALOG_COMPILER_GLOBAL_ACCENT_COLOR_NAME = AccentColor;
				CODE_SIGN_STYLE = Automatic;
				CURRENT_PROJECT_VERSION = 1;
				DEVELOPMENT_ASSET_PATHS = "\"AI-Invest/Preview Content\"";
				DEVELOPMENT_TEAM = EMWB4SY4WC;
				ENABLE_PREVIEWS = YES;
				GENERATE_INFOPLIST_FILE = YES;
				INFOPLIST_KEY_UIApplicationSceneManifest_Generation = YES;
				INFOPLIST_KEY_UIApplicationSupportsIndirectInputEvents = YES;
				INFOPLIST_KEY_UILaunchScreen_Generation = YES;
				INFOPLIST_KEY_UISupportedInterfaceOrientations_iPad = "UIInterfaceOrientationPortrait UIInterfaceOrientationPortraitUpsideDown UIInterfaceOrientationLandscapeLeft UIInterfaceOrientationLandscapeRight";
				INFOPLIST_KEY_UISupportedInterfaceOrientations_iPhone = "UIInterfaceOrientationPortrait UIInterfaceOrientationLandscapeLeft UIInterfaceOrientationLandscapeRight";
				LD_RUNPATH_SEARCH_PATHS = (
					"$(inherited)",
					"@executable_path/Frameworks",
				);
				MARKETING_VERSION = 1.0;
				PRODUCT_BUNDLE_IDENTIFIER = "com.tang.AI-Invest";
				PRODUCT_NAME = "$(TARGET_NAME)";
				SWIFT_EMIT_LOC_STRINGS = YES;
				SWIFT_VERSION = 5.0;
				TARGETED_DEVICE_FAMILY = 1;
			};
			name = Release;
		};
/* End XCBuildConfiguration section */

/* Begin XCConfigurationList section */
		02BB178C27D41E9C0048958A /* Build configuration list for PBXProject "SwiftInvest" */ = {
			isa = XCConfigurationList;
			buildConfigurations = (
				02BB17A227D41E9E0048958A /* Debug */,
				02BB17A327D41E9E0048958A /* Release */,
			);
			defaultConfigurationIsVisible = 0;
			defaultConfigurationName = Release;
		};
		02BB17A427D41E9E0048958A /* Build configuration list for PBXNativeTarget "SwiftInvest" */ = {
			isa = XCConfigurationList;
			buildConfigurations = (
				02BB17A527D41E9E0048958A /* Debug */,
				02BB17A627D41E9E0048958A /* Release */,
			);
			defaultConfigurationIsVisible = 0;
			defaultConfigurationName = Release;
		};
/* End XCConfigurationList section */

/* Begin XCVersionGroup section */
		02BB179F27D41E9E0048958A /* AI_Invest.xcdatamodeld */ = {
			isa = XCVersionGroup;
			children = (
				02BB17A027D41E9E0048958A /* AI_Invest.xcdatamodel */,
			);
			currentVersion = 02BB17A027D41E9E0048958A /* AI_Invest.xcdatamodel */;
			path = AI_Invest.xcdatamodeld;
			sourceTree = "<group>";
			versionGroupType = wrapper.xcdatamodel;
		};
/* End XCVersionGroup section */
	};
	rootObject = 02BB178927D41E9C0048958A /* Project object */;
}
